
Microsoft Visual Studio Solution File, Format Version 12.00
# Visual Studio Version 16
VisualStudioVersion = 16.0.31005.135
MinimumVisualStudioVersion = 10.0.40219.1
Project("{FAE04EC0-301F-11D3-BF4B-00C04F79EFBC}") = "WebLibrary", "WebLibrary\WebLibrary.csproj", "{0EC3A6BB-9C05-445E-8FF9-828C059255C5}"
EndProject
Global
	GlobalSection(SolutionConfigurationPlatforms) = preSolution
		Debug|Any CPU = Debug|Any CPU
		Release|Any CPU = Release|Any CPU
	EndGlobalSection
	GlobalSection(ProjectConfigurationPlatforms) = postSolution
		{0EC3A6BB-9C05-445E-8FF9-828C059255C5}.Debug|Any CPU.ActiveCfg = Debug|Any CPU
		{0EC3A6BB-9C05-445E-8FF9-828C059255C5}.Debug|Any CPU.Build.0 = Debug|Any CPU
		{0EC3A6BB-9C05-445E-8FF9-828C059255C5}.Release|Any CPU.ActiveCfg = Release|Any CPU
		{0EC3A6BB-9C05-445E-8FF9-828C059255C5}.Release|Any CPU.Build.0 = Release|Any CPU
	EndGlobalSection
	GlobalSection(SolutionProperties) = preSolution
		HideSolutionNode = FALSE
	EndGlobalSection
	GlobalSection(ExtensibilityGlobals) = postSolution
		SolutionGuid = {9E80B5AD-5F3A-4363-A04D-94052CA1B15E}
	EndGlobalSection
EndGlobal
